
Microsoft Visual Studio Solution File, Format Version 12.00
# Visual Studio Version 17
VisualStudioVersion = 17.5.33414.496
MinimumVisualStudioVersion = 10.0.40219.1
Project("{FAE04EC0-301F-11D3-BF4B-00C04F79EFBC}") = "Console_Ornek", "Console_Ornek\Console_Ornek.csproj", "{B802AD07-2A10-4E17-99FE-D8AA38A8CD76}"
EndProject
Global
	GlobalSection(SolutionConfigurationPlatforms) = preSolution
		Debug|Any CPU = Debug|Any CPU
		Release|Any CPU = Release|Any CPU
	EndGlobalSection
	GlobalSection(ProjectConfigurationPlatforms) = postSolution
		{B802AD07-2A10-4E17-99FE-D8AA38A8CD76}.Debug|Any CPU.ActiveCfg = Debug|Any CPU
		{B802AD07-2A10-4E17-99FE-D8AA38A8CD76}.Debug|Any CPU.Build.0 = Debug|Any CPU
		{B802AD07-2A10-4E17-99FE-D8AA38A8CD76}.Release|Any CPU.ActiveCfg = Release|Any CPU
		{B802AD07-2A10-4E17-99FE-D8AA38A8CD76}.Release|Any CPU.Build.0 = Release|Any CPU
	EndGlobalSection
	GlobalSection(SolutionProperties) = preSolution
		HideSolutionNode = FALSE
	EndGlobalSection
	GlobalSection(ExtensibilityGlobals) = postSolution
		SolutionGuid = {96373929-B69A-484F-886A-67B406986689}
	EndGlobalSection
EndGlobal
